dependencies:
- name: argo-cd
  repository: https://argoproj.github.io/argo-helm
  version: 9.2.2
- name: traefik
  repository: https://traefik.github.io/charts
  version: 37.4.0
- name: cert-manager
  repository: https://charts.jetstack.io
  version: v1.19.2
- name: cloudnative-pg
  repository: https://cloudnative-pg.io/charts
  version: 0.27.0
digest: sha256:86a78fb8b443774324c241f8babbc3e3687264c88c4cd32558c1e56978c7b675
generated: "2025-12-30T21:27:24.806294209+01:00"
